
Microsoft Visual Studio Solution File, Format Version 12.00
# Visual Studio Version 17
Project("{2150E333-8FDC-42A3-9474-1A3956D46DE8}") = "CMakePredefinedTargets", "CMakePredefinedTargets", "{AB7D1D2B-7A24-3B3C-AF27-ADD10AEC20D4}"
EndProject
Project("{2150E333-8FDC-42A3-9474-1A3956D46DE8}") = "Libigl", "Libigl", "{15DD519D-4844-373D-A023-80B85873D6BB}"
EndProject
Project("{2150E333-8FDC-42A3-9474-1A3956D46DE8}") = "ThirdParty", "ThirdParty", "{10EF2BD4-D2E7-3DB0-9E02-8AE0A6BD9914}"
EndProject
Project("{8BC9CEB8-8B4A-11D0-8D11-00A0C91BC942}") = "ALL_BUILD", "ALL_BUILD.vcxproj", "{0D2B5F64-1351-38E5-9D69-883B6CF2F156}"
	ProjectSection(ProjectDependencies) = postProject
		{BA08F0FD-3037-314C-A47C-B728F04B09C2} = {BA08F0FD-3037-314C-A47C-B728F04B09C2}
		{6D5095D8-2921-3186-9491-383EC81355B6} = {6D5095D8-2921-3186-9491-383EC81355B6}
		{5DA59579-0EAD-3C24-A7EA-00F8C1B5C106} = {5DA59579-0EAD-3C24-A7EA-00F8C1B5C106}
		{3A7E7A2C-FD74-38E4-A762-F326EC712CA1} = {3A7E7A2C-FD74-38E4-A762-F326EC712CA1}
		{19409ED2-0C12-3582-9B4D-FBB1159B79C9} = {19409ED2-0C12-3582-9B4D-FBB1159B79C9}
		{3D52961A-5A62-39C1-8966-8D534F9840D9} = {3D52961A-5A62-39C1-8966-8D534F9840D9}
		{FDE25ED4-D889-3C7F-A634-259E2859CC92} = {FDE25ED4-D889-3C7F-A634-259E2859CC92}
		{5C345BCF-5700-3A9A-95AA-7B585069ACB9} = {5C345BCF-5700-3A9A-95AA-7B585069ACB9}
	EndProjectSection
EndProject
Project("{8BC9CEB8-8B4A-11D0-8D11-00A0C91BC942}") = "INSTALL", "INSTALL.vcxproj", "{31622682-38BA-3627-A604-AC9A93616B44}"
	ProjectSection(ProjectDependencies) = postProject
		{0D2B5F64-1351-38E5-9D69-883B6CF2F156} = {0D2B5F64-1351-38E5-9D69-883B6CF2F156}
		{BA08F0FD-3037-314C-A47C-B728F04B09C2} = {BA08F0FD-3037-314C-A47C-B728F04B09C2}
	EndProjectSection
EndProject
Project("{8BC9CEB8-8B4A-11D0-8D11-00A0C91BC942}") = "ZERO_CHECK", "ZERO_CHECK.vcxproj", "{BA08F0FD-3037-314C-A47C-B728F04B09C2}"
	ProjectSection(ProjectDependencies) = postProject
	EndProjectSection
EndProject
Project("{8BC9CEB8-8B4A-11D0-8D11-00A0C91BC942}") = "core", "core.vcxproj", "{6D5095D8-2921-3186-9491-383EC81355B6}"
	ProjectSection(ProjectDependencies) = postProject
		{BA08F0FD-3037-314C-A47C-B728F04B09C2} = {BA08F0FD-3037-314C-A47C-B728F04B09C2}
		{5DA59579-0EAD-3C24-A7EA-00F8C1B5C106} = {5DA59579-0EAD-3C24-A7EA-00F8C1B5C106}
		{3A7E7A2C-FD74-38E4-A762-F326EC712CA1} = {3A7E7A2C-FD74-38E4-A762-F326EC712CA1}
		{19409ED2-0C12-3582-9B4D-FBB1159B79C9} = {19409ED2-0C12-3582-9B4D-FBB1159B79C9}
		{3D52961A-5A62-39C1-8966-8D534F9840D9} = {3D52961A-5A62-39C1-8966-8D534F9840D9}
		{FDE25ED4-D889-3C7F-A634-259E2859CC92} = {FDE25ED4-D889-3C7F-A634-259E2859CC92}
	EndProjectSection
EndProject
Project("{8BC9CEB8-8B4A-11D0-8D11-00A0C91BC942}") = "glad", "_deps\glad-build\glad.vcxproj", "{5DA59579-0EAD-3C24-A7EA-00F8C1B5C106}"
	ProjectSection(ProjectDependencies) = postProject
		{BA08F0FD-3037-314C-A47C-B728F04B09C2} = {BA08F0FD-3037-314C-A47C-B728F04B09C2}
	EndProjectSection
EndProject
Project("{8BC9CEB8-8B4A-11D0-8D11-00A0C91BC942}") = "glfw", "_deps\glfw-build\src\glfw.vcxproj", "{3A7E7A2C-FD74-38E4-A762-F326EC712CA1}"
	ProjectSection(ProjectDependencies) = postProject
		{BA08F0FD-3037-314C-A47C-B728F04B09C2} = {BA08F0FD-3037-314C-A47C-B728F04B09C2}
	EndProjectSection
EndProject
Project("{8BC9CEB8-8B4A-11D0-8D11-00A0C91BC942}") = "igl_core", "_deps\libigl-build\igl_core.vcxproj", "{19409ED2-0C12-3582-9B4D-FBB1159B79C9}"
	ProjectSection(ProjectDependencies) = postProject
		{BA08F0FD-3037-314C-A47C-B728F04B09C2} = {BA08F0FD-3037-314C-A47C-B728F04B09C2}
	EndProjectSection
EndProject
Project("{8BC9CEB8-8B4A-11D0-8D11-00A0C91BC942}") = "igl_glfw", "_deps\libigl-build\igl_glfw.vcxproj", "{3D52961A-5A62-39C1-8966-8D534F9840D9}"
	ProjectSection(ProjectDependencies) = postProject
		{BA08F0FD-3037-314C-A47C-B728F04B09C2} = {BA08F0FD-3037-314C-A47C-B728F04B09C2}
	EndProjectSection
EndProject
Project("{8BC9CEB8-8B4A-11D0-8D11-00A0C91BC942}") = "igl_opengl", "_deps\libigl-build\igl_opengl.vcxproj", "{FDE25ED4-D889-3C7F-A634-259E2859CC92}"
	ProjectSection(ProjectDependencies) = postProject
		{BA08F0FD-3037-314C-A47C-B728F04B09C2} = {BA08F0FD-3037-314C-A47C-B728F04B09C2}
	EndProjectSection
EndProject
Project("{8BC9CEB8-8B4A-11D0-8D11-00A0C91BC942}") = "repulsive_curves", "repulsive_curves.vcxproj", "{5C345BCF-5700-3A9A-95AA-7B585069ACB9}"
	ProjectSection(ProjectDependencies) = postProject
		{BA08F0FD-3037-314C-A47C-B728F04B09C2} = {BA08F0FD-3037-314C-A47C-B728F04B09C2}
		{6D5095D8-2921-3186-9491-383EC81355B6} = {6D5095D8-2921-3186-9491-383EC81355B6}
		{5DA59579-0EAD-3C24-A7EA-00F8C1B5C106} = {5DA59579-0EAD-3C24-A7EA-00F8C1B5C106}
		{3A7E7A2C-FD74-38E4-A762-F326EC712CA1} = {3A7E7A2C-FD74-38E4-A762-F326EC712CA1}
		{19409ED2-0C12-3582-9B4D-FBB1159B79C9} = {19409ED2-0C12-3582-9B4D-FBB1159B79C9}
		{3D52961A-5A62-39C1-8966-8D534F9840D9} = {3D52961A-5A62-39C1-8966-8D534F9840D9}
		{FDE25ED4-D889-3C7F-A634-259E2859CC92} = {FDE25ED4-D889-3C7F-A634-259E2859CC92}
	EndProjectSection
EndProject
Global
	GlobalSection(SolutionConfigurationPlatforms) = preSolution
		Debug|x64 = Debug|x64
		Release|x64 = Release|x64
		MinSizeRel|x64 = MinSizeRel|x64
		RelWithDebInfo|x64 = RelWithDebInfo|x64
	EndGlobalSection
	GlobalSection(ProjectConfigurationPlatforms) = postSolution
		{0D2B5F64-1351-38E5-9D69-883B6CF2F156}.Debug|x64.ActiveCfg = Debug|x64
		{0D2B5F64-1351-38E5-9D69-883B6CF2F156}.Debug|x64.Build.0 = Debug|x64
		{0D2B5F64-1351-38E5-9D69-883B6CF2F156}.Release|x64.ActiveCfg = Release|x64
		{0D2B5F64-1351-38E5-9D69-883B6CF2F156}.Release|x64.Build.0 = Release|x64
		{0D2B5F64-1351-38E5-9D69-883B6CF2F156}.MinSizeRel|x64.ActiveCfg = MinSizeRel|x64
		{0D2B5F64-1351-38E5-9D69-883B6CF2F156}.MinSizeRel|x64.Build.0 = MinSizeRel|x64
		{0D2B5F64-1351-38E5-9D69-883B6CF2F156}.RelWithDebInfo|x64.ActiveCfg = RelWithDebInfo|x64
		{0D2B5F64-1351-38E5-9D69-883B6CF2F156}.RelWithDebInfo|x64.Build.0 = RelWithDebInfo|x64
		{31622682-38BA-3627-A604-AC9A93616B44}.Debug|x64.ActiveCfg = Debug|x64
		{31622682-38BA-3627-A604-AC9A93616B44}.Release|x64.ActiveCfg = Release|x64
		{31622682-38BA-3627-A604-AC9A93616B44}.MinSizeRel|x64.ActiveCfg = MinSizeRel|x64
		{31622682-38BA-3627-A604-AC9A93616B44}.RelWithDebInfo|x64.ActiveCfg = RelWithDebInfo|x64
		{BA08F0FD-3037-314C-A47C-B728F04B09C2}.Debug|x64.ActiveCfg = Debug|x64
		{BA08F0FD-3037-314C-A47C-B728F04B09C2}.Debug|x64.Build.0 = Debug|x64
		{BA08F0FD-3037-314C-A47C-B728F04B09C2}.Release|x64.ActiveCfg = Release|x64
		{BA08F0FD-3037-314C-A47C-B728F04B09C2}.Release|x64.Build.0 = Release|x64
		{BA08F0FD-3037-314C-A47C-B728F04B09C2}.MinSizeRel|x64.ActiveCfg = MinSizeRel|x64
		{BA08F0FD-3037-314C-A47C-B728F04B09C2}.MinSizeRel|x64.Build.0 = MinSizeRel|x64
		{BA08F0FD-3037-314C-A47C-B728F04B09C2}.RelWithDebInfo|x64.ActiveCfg = RelWithDebInfo|x64
		{BA08F0FD-3037-314C-A47C-B728F04B09C2}.RelWithDebInfo|x64.Build.0 = RelWithDebInfo|x64
		{6D5095D8-2921-3186-9491-383EC81355B6}.Debug|x64.ActiveCfg = Debug|x64
		{6D5095D8-2921-3186-9491-383EC81355B6}.Debug|x64.Build.0 = Debug|x64
		{6D5095D8-2921-3186-9491-383EC81355B6}.Release|x64.ActiveCfg = Release|x64
		{6D5095D8-2921-3186-9491-383EC81355B6}.Release|x64.Build.0 = Release|x64
		{6D5095D8-2921-3186-9491-383EC81355B6}.MinSizeRel|x64.ActiveCfg = MinSizeRel|x64
		{6D5095D8-2921-3186-9491-383EC81355B6}.MinSizeRel|x64.Build.0 = MinSizeRel|x64
		{6D5095D8-2921-3186-9491-383EC81355B6}.RelWithDebInfo|x64.ActiveCfg = RelWithDebInfo|x64
		{6D5095D8-2921-3186-9491-383EC81355B6}.RelWithDebInfo|x64.Build.0 = RelWithDebInfo|x64
		{5DA59579-0EAD-3C24-A7EA-00F8C1B5C106}.Debug|x64.ActiveCfg = Debug|x64
		{5DA59579-0EAD-3C24-A7EA-00F8C1B5C106}.Debug|x64.Build.0 = Debug|x64
		{5DA59579-0EAD-3C24-A7EA-00F8C1B5C106}.Release|x64.ActiveCfg = Release|x64
		{5DA59579-0EAD-3C24-A7EA-00F8C1B5C106}.Release|x64.Build.0 = Release|x64
		{5DA59579-0EAD-3C24-A7EA-00F8C1B5C106}.MinSizeRel|x64.ActiveCfg = MinSizeRel|x64
		{5DA59579-0EAD-3C24-A7EA-00F8C1B5C106}.MinSizeRel|x64.Build.0 = MinSizeRel|x64
		{5DA59579-0EAD-3C24-A7EA-00F8C1B5C106}.RelWithDebInfo|x64.ActiveCfg = RelWithDebInfo|x64
		{5DA59579-0EAD-3C24-A7EA-00F8C1B5C106}.RelWithDebInfo|x64.Build.0 = RelWithDebInfo|x64
		{3A7E7A2C-FD74-38E4-A762-F326EC712CA1}.Debug|x64.ActiveCfg = Debug|x64
		{3A7E7A2C-FD74-38E4-A762-F326EC712CA1}.Debug|x64.Build.0 = Debug|x64
		{3A7E7A2C-FD74-38E4-A762-F326EC712CA1}.Release|x64.ActiveCfg = Release|x64
		{3A7E7A2C-FD74-38E4-A762-F326EC712CA1}.Release|x64.Build.0 = Release|x64
		{3A7E7A2C-FD74-38E4-A762-F326EC712CA1}.MinSizeRel|x64.ActiveCfg = MinSizeRel|x64
		{3A7E7A2C-FD74-38E4-A762-F326EC712CA1}.MinSizeRel|x64.Build.0 = MinSizeRel|x64
		{3A7E7A2C-FD74-38E4-A762-F326EC712CA1}.RelWithDebInfo|x64.ActiveCfg = RelWithDebInfo|x64
		{3A7E7A2C-FD74-38E4-A762-F326EC712CA1}.RelWithDebInfo|x64.Build.0 = RelWithDebInfo|x64
		{19409ED2-0C12-3582-9B4D-FBB1159B79C9}.Debug|x64.ActiveCfg = Debug|x64
		{19409ED2-0C12-3582-9B4D-FBB1159B79C9}.Debug|x64.Build.0 = Debug|x64
		{19409ED2-0C12-3582-9B4D-FBB1159B79C9}.Release|x64.ActiveCfg = Release|x64
		{19409ED2-0C12-3582-9B4D-FBB1159B79C9}.Release|x64.Build.0 = Release|x64
		{19409ED2-0C12-3582-9B4D-FBB1159B79C9}.MinSizeRel|x64.ActiveCfg = MinSizeRel|x64
		{19409ED2-0C12-3582-9B4D-FBB1159B79C9}.MinSizeRel|x64.Build.0 = MinSizeRel|x64
		{19409ED2-0C12-3582-9B4D-FBB1159B79C9}.RelWithDebInfo|x64.ActiveCfg = RelWithDebInfo|x64
		{19409ED2-0C12-3582-9B4D-FBB1159B79C9}.RelWithDebInfo|x64.Build.0 = RelWithDebInfo|x64
		{3D52961A-5A62-39C1-8966-8D534F9840D9}.Debug|x64.ActiveCfg = Debug|x64
		{3D52961A-5A62-39C1-8966-8D534F9840D9}.Debug|x64.Build.0 = Debug|x64
		{3D52961A-5A62-39C1-8966-8D534F9840D9}.Release|x64.ActiveCfg = Release|x64
		{3D52961A-5A62-39C1-8966-8D534F9840D9}.Release|x64.Build.0 = Release|x64
		{3D52961A-5A62-39C1-8966-8D534F9840D9}.MinSizeRel|x64.ActiveCfg = MinSizeRel|x64
		{3D52961A-5A62-39C1-8966-8D534F9840D9}.MinSizeRel|x64.Build.0 = MinSizeRel|x64
		{3D52961A-5A62-39C1-8966-8D534F9840D9}.RelWithDebInfo|x64.ActiveCfg = RelWithDebInfo|x64
		{3D52961A-5A62-39C1-8966-8D534F9840D9}.RelWithDebInfo|x64.Build.0 = RelWithDebInfo|x64
		{FDE25ED4-D889-3C7F-A634-259E2859CC92}.Debug|x64.ActiveCfg = Debug|x64
		{FDE25ED4-D889-3C7F-A634-259E2859CC92}.Debug|x64.Build.0 = Debug|x64
		{FDE25ED4-D889-3C7F-A634-259E2859CC92}.Release|x64.ActiveCfg = Release|x64
		{FDE25ED4-D889-3C7F-A634-259E2859CC92}.Release|x64.Build.0 = Release|x64
		{FDE25ED4-D889-3C7F-A634-259E2859CC92}.MinSizeRel|x64.ActiveCfg = MinSizeRel|x64
		{FDE25ED4-D889-3C7F-A634-259E2859CC92}.MinSizeRel|x64.Build.0 = MinSizeRel|x64
		{FDE25ED4-D889-3C7F-A634-259E2859CC92}.RelWithDebInfo|x64.ActiveCfg = RelWithDebInfo|x64
		{FDE25ED4-D889-3C7F-A634-259E2859CC92}.RelWithDebInfo|x64.Build.0 = RelWithDebInfo|x64
		{5C345BCF-5700-3A9A-95AA-7B585069ACB9}.Debug|x64.ActiveCfg = Debug|x64
		{5C345BCF-5700-3A9A-95AA-7B585069ACB9}.Debug|x64.Build.0 = Debug|x64
		{5C345BCF-5700-3A9A-95AA-7B585069ACB9}.Release|x64.ActiveCfg = Release|x64
		{5C345BCF-5700-3A9A-95AA-7B585069ACB9}.Release|x64.Build.0 = Release|x64
		{5C345BCF-5700-3A9A-95AA-7B585069ACB9}.MinSizeRel|x64.ActiveCfg = MinSizeRel|x64
		{5C345BCF-5700-3A9A-95AA-7B585069ACB9}.MinSizeRel|x64.Build.0 = MinSizeRel|x64
		{5C345BCF-5700-3A9A-95AA-7B585069ACB9}.RelWithDebInfo|x64.ActiveCfg = RelWithDebInfo|x64
		{5C345BCF-5700-3A9A-95AA-7B585069ACB9}.RelWithDebInfo|x64.Build.0 = RelWithDebInfo|x64
	EndGlobalSection
	GlobalSection(NestedProjects) = preSolution
		{0D2B5F64-1351-38E5-9D69-883B6CF2F156} = {AB7D1D2B-7A24-3B3C-AF27-ADD10AEC20D4}
		{31622682-38BA-3627-A604-AC9A93616B44} = {AB7D1D2B-7A24-3B3C-AF27-ADD10AEC20D4}
		{BA08F0FD-3037-314C-A47C-B728F04B09C2} = {AB7D1D2B-7A24-3B3C-AF27-ADD10AEC20D4}
		{19409ED2-0C12-3582-9B4D-FBB1159B79C9} = {15DD519D-4844-373D-A023-80B85873D6BB}
		{3D52961A-5A62-39C1-8966-8D534F9840D9} = {15DD519D-4844-373D-A023-80B85873D6BB}
		{FDE25ED4-D889-3C7F-A634-259E2859CC92} = {15DD519D-4844-373D-A023-80B85873D6BB}
		{5DA59579-0EAD-3C24-A7EA-00F8C1B5C106} = {10EF2BD4-D2E7-3DB0-9E02-8AE0A6BD9914}
		{3A7E7A2C-FD74-38E4-A762-F326EC712CA1} = {10EF2BD4-D2E7-3DB0-9E02-8AE0A6BD9914}
	EndGlobalSection
	GlobalSection(ExtensibilityGlobals) = postSolution
		SolutionGuid = {D1A9D0F0-4516-3773-8BD2-0E34DED6050D}
	EndGlobalSection
	GlobalSection(ExtensibilityAddIns) = postSolution
	EndGlobalSection
EndGlobal
